{
    "_meta": {
        "hash": {
            "sha256": "2a87543998497ab8394a43bc236f16f55fbc8710904e5e281ca39cae6c51afec"
        },
        "pipfile-spec": 6,
        "requires": {
            "python_version": "3.6"
        },
        "sources": [
            {
                "name": "pypi",
                "url": "https://pypi.python.org/simple",
                "verify_ssl": true
            }
        ]
    },
    "default": {
        "argparse": {
            "hashes": [
                "sha256:62b089a55be1d8949cd2bc7e0df0bddb9e028faefc8c32038cc84862aefdd6e4",
                "sha256:c31647edb69fd3d465a847ea3157d37bed1f95f19760b11a47aa91c04b666314"
            ],
            "index": "pypi",
            "version": "==1.4.0"
        },
        "fraise": {
            "hashes": [
                "sha256:949da1d9a22c4658154c35c3f3a6718f6fce44a6d3b1faefbfd926810286d1d0",
                "sha256:db46ea887e0b31ee4fbaec74b1a7f64e9de875159d8e8d5cc11967476f5c3078",
                "sha256:f22a237b305fdf489e8dacbeab1c5017bada61ddcde9187e80762f1c55572e49"
            ],
            "index": "pypi",
            "version": "==1.0.5"
        },
        "selenium": {
            "hashes": [
                "sha256:ab192cd046164c40fabcf44b47c66c8b12495142f4a69dcc55ea6eeef096e614",
                "sha256:fdb6b1143d8899e8a32e358ad05bf5d89a480dbac359dbbd341592aa8696dcd1"
            ],
            "index": "pypi",
            "version": "==3.14.1"
        },
        "urllib3": {
            "hashes": [
                "sha256:753a0374df26658f99d826cfe40394a686d05985786d946fbe4165b5148f5a7c",
                "sha256:a7acd0977125325f516bda9735fa7142b909a8d01e8b2e4c8108d0984e6e0098"
            ],
            "index": "pypi",
            "version": "==1.26.5"
        }
    },
    "develop": {}
}
